
Microsoft Visual Studio Solution File, Format Version 12.00
# Visual Studio 15
VisualStudioVersion = 15.0.27428.2027
MinimumVisualStudioVersion = 10.0.40219.1
Project("{FAE04EC0-301F-11D3-BF4B-00C04F79EFBC}") = "WebAppExercicioPratico", "WebAppExercicioPratico\WebAppExercicioPratico.csproj", "{721CEA9E-8A59-4C65-8CA6-AEC63560D3C4}"
EndProject
Global
	GlobalSection(SolutionConfigurationPlatforms) = preSolution
		Debug|Any CPU = Debug|Any CPU
		Release|Any CPU = Release|Any CPU
	EndGlobalSection
	GlobalSection(ProjectConfigurationPlatforms) = postSolution
		{721CEA9E-8A59-4C65-8CA6-AEC63560D3C4}.Debug|Any CPU.ActiveCfg = Debug|Any CPU
		{721CEA9E-8A59-4C65-8CA6-AEC63560D3C4}.Debug|Any CPU.Build.0 = Debug|Any CPU
		{721CEA9E-8A59-4C65-8CA6-AEC63560D3C4}.Release|Any CPU.ActiveCfg = Release|Any CPU
		{721CEA9E-8A59-4C65-8CA6-AEC63560D3C4}.Release|Any CPU.Build.0 = Release|Any CPU
	EndGlobalSection
	GlobalSection(SolutionProperties) = preSolution
		HideSolutionNode = FALSE
	EndGlobalSection
	GlobalSection(ExtensibilityGlobals) = postSolution
		SolutionGuid = {5657B27B-C6B2-436B-AE6B-CF2F4218AEAF}
	EndGlobalSection
EndGlobal
